schema: '2.0'
stages:
  load_data:
    cmd: python src/load_data.py --config=params.yaml
    deps:
    - path: data/raw/Concrete_Data.csv
      md5: e195fcfc85ac7da75bf58f38b6254162
      size: 59285
    - path: src/get_data.py
      md5: 48e1f343a6a6f45ef203999496af1441
      size: 636
    - path: src/load_data.py
      md5: 9a4f3590c6e54507c7ece1e3b8e16c9d
      size: 604
    outs:
    - path: data/raw/Concrete_raw.csv
      md5: 1af10ddba3fb271a9e3d0f8adab7ebf8
      size: 49542
  split_data:
    cmd: python src/split_data.py --config=params.yaml
    deps:
    - path: data/raw/Concrete_Data.csv
      md5: e195fcfc85ac7da75bf58f38b6254162
      size: 59285
    - path: src/split_data.py
      md5: d776443ac0b311397891475367940c65
      size: 961
    outs:
    - path: data/processed/test_data.csv
      md5: b9117085c3ae889cc6b009c63dd6e0ae
      size: 10006
    - path: data/processed/train_data.csv
      md5: 43e9952f3c380f562cc1491f9dfc6a80
      size: 39670
  train_data:
    cmd: python src/train.py --config=params.yaml
    deps:
    - path: data/processed/test_data.csv
      md5: b9117085c3ae889cc6b009c63dd6e0ae
      size: 10006
    - path: data/processed/train_data.csv
      md5: 43e9952f3c380f562cc1491f9dfc6a80
      size: 39670
    - path: src/train.py
      md5: 752ddfdcd3b7486675f5570271d90cb1
      size: 2627
    params:
      params.yaml:
        estimators.RandomForestRegressor.params.max_depth: 4
        estimators.RandomForestRegressor.params.n_estimators: 200
    outs:
    - path: report/params.json
      md5: d43039f4996545b1188167de2e9f80c0
      size: 50
    - path: report/scores.json
      md5: 4419cf430c2d977b18aee0452075769e
      size: 97
    - path: saved_models/model.joblib
      md5: a0e78d24bc2e6b1d8fabfc5f78b050c4
      size: 449792
