schema: '2.0'
stages:
  load_data:
    cmd: python src/load_data.py --config=params.yaml
    deps:
    - path: data/raw/Concrete_Data.csv
      md5: b10d7d934f7cc930579594100b193576
      size: 49590
    - path: src/get_data.py
      md5: 79f32c9e98d6dc1b006c2ed1f7b45be3
      size: 1026
    - path: src/load_data.py
      md5: a16dfdaf33128515c3c5a89e5a89aeae
      size: 905
    outs:
    - path: data/raw/Concrete_raw.csv
      md5: b10d7d934f7cc930579594100b193576
      size: 49590
  split_data:
    cmd: python src/split_data.py --config=params.yaml
    deps:
    - path: data/raw/Concrete_raw.csv
      md5: b10d7d934f7cc930579594100b193576
      size: 49590
    - path: src/split_data.py
      md5: 16aee0c85fb037dd6b13a61fdc45288c
      size: 1602
    outs:
    - path: data/processed/test_data.csv
      md5: 051eeb17ced9336f07eddeddef14b99d
      size: 10056
    - path: data/processed/train_data.csv
      md5: 33932e47f1f4414c8a8ad05735a746d2
      size: 39668
  train_data:
    cmd: python src/train.py --config=params.yaml
    deps:
    - path: data/processed/test_data.csv
      md5: 051eeb17ced9336f07eddeddef14b99d
      size: 10056
    - path: data/processed/train_data.csv
      md5: 33932e47f1f4414c8a8ad05735a746d2
      size: 39668
    - path: src/model.py
      md5: ff7894bad52b5ba37a0d93c5036fe27d
      size: 3759
    - path: src/train.py
      md5: da737a2b3483449077d2d6b25bd61503
      size: 3166
    outs:
    - path: report/params.json
      md5: 2e197519199ceb60e776615964c562f8
      size: 93
    - path: report/scores.json
      md5: 6afb80d4128f6f523b788b3cb0e052c4
      size: 96
    - path: saved_models/model.joblib
      md5: 38ba4dcd5435c54e48824a7a3a470f08
      size: 883343
